
Microsoft Visual Studio Solution File, Format Version 12.00
# Visual Studio Version 16
VisualStudioVersion = 16.0.30611.23
MinimumVisualStudioVersion = 10.0.40219.1
Project("{FAE04EC0-301F-11D3-BF4B-00C04F79EFBC}") = "TechnoShop", "TechnoShop\TechnoShop.csproj", "{56AA37F6-19D2-4239-A779-04BBD80B821C}"
EndProject
Global
	GlobalSection(SolutionConfigurationPlatforms) = preSolution
		Debug|Any CPU = Debug|Any CPU
		Release|Any CPU = Release|Any CPU
	EndGlobalSection
	GlobalSection(ProjectConfigurationPlatforms) = postSolution
		{56AA37F6-19D2-4239-A779-04BBD80B821C}.Debug|Any CPU.ActiveCfg = Debug|Any CPU
		{56AA37F6-19D2-4239-A779-04BBD80B821C}.Debug|Any CPU.Build.0 = Debug|Any CPU
		{56AA37F6-19D2-4239-A779-04BBD80B821C}.Release|Any CPU.ActiveCfg = Release|Any CPU
		{56AA37F6-19D2-4239-A779-04BBD80B821C}.Release|Any CPU.Build.0 = Release|Any CPU
	EndGlobalSection
	GlobalSection(SolutionProperties) = preSolution
		HideSolutionNode = FALSE
	EndGlobalSection
	GlobalSection(ExtensibilityGlobals) = postSolution
		SolutionGuid = {F8C4DE96-8004-4B6A-90E1-0778389060BB}
	EndGlobalSection
EndGlobal
